
Microsoft Visual Studio Solution File, Format Version 12.00
# Visual Studio Version 17
VisualStudioVersion = 17.1.32210.238
MinimumVisualStudioVersion = 10.0.40219.1
Project("{FAE04EC0-301F-11D3-BF4B-00C04F79EFBC}") = "Uc7", "Uc7\Uc7.csproj", "{5A886B32-1051-4367-B9F7-38FE0EAA3186}"
EndProject
Global
	GlobalSection(SolutionConfigurationPlatforms) = preSolution
		Debug|Any CPU = Debug|Any CPU
		Release|Any CPU = Release|Any CPU
	EndGlobalSection
	GlobalSection(ProjectConfigurationPlatforms) = postSolution
		{5A886B32-1051-4367-B9F7-38FE0EAA3186}.Debug|Any CPU.ActiveCfg = Debug|Any CPU
		{5A886B32-1051-4367-B9F7-38FE0EAA3186}.Debug|Any CPU.Build.0 = Debug|Any CPU
		{5A886B32-1051-4367-B9F7-38FE0EAA3186}.Release|Any CPU.ActiveCfg = Release|Any CPU
		{5A886B32-1051-4367-B9F7-38FE0EAA3186}.Release|Any CPU.Build.0 = Release|Any CPU
	EndGlobalSection
	GlobalSection(SolutionProperties) = preSolution
		HideSolutionNode = FALSE
	EndGlobalSection
	GlobalSection(ExtensibilityGlobals) = postSolution
		SolutionGuid = {22EA3DF3-758A-4F4C-8F42-06F03F1094A0}
	EndGlobalSection
EndGlobal
